
Microsoft Visual Studio Solution File, Format Version 12.00
# Visual Studio Version 16
VisualStudioVersion = 16.0.29728.190
MinimumVisualStudioVersion = 10.0.40219.1
Project("{9A19103F-16F7-4668-BE54-9A1E7A4F7556}") = "LSCode.Validacoes", "LSCode.Validacoes\LSCode.Validacoes.csproj", "{7749B20A-D945-4110-BA85-0A933B7DAAC2}"
EndProject
Global
	GlobalSection(SolutionConfigurationPlatforms) = preSolution
		Debug|Any CPU = Debug|Any CPU
		Release|Any CPU = Release|Any CPU
	EndGlobalSection
	GlobalSection(ProjectConfigurationPlatforms) = postSolution
		{7749B20A-D945-4110-BA85-0A933B7DAAC2}.Debug|Any CPU.ActiveCfg = Debug|Any CPU
		{7749B20A-D945-4110-BA85-0A933B7DAAC2}.Debug|Any CPU.Build.0 = Debug|Any CPU
		{7749B20A-D945-4110-BA85-0A933B7DAAC2}.Release|Any CPU.ActiveCfg = Release|Any CPU
		{7749B20A-D945-4110-BA85-0A933B7DAAC2}.Release|Any CPU.Build.0 = Release|Any CPU
	EndGlobalSection
	GlobalSection(SolutionProperties) = preSolution
		HideSolutionNode = FALSE
	EndGlobalSection
	GlobalSection(ExtensibilityGlobals) = postSolution
		SolutionGuid = {1B57F364-D137-43F1-8127-141E792559D9}
	EndGlobalSection
EndGlobal
